
Microsoft Visual Studio Solution File, Format Version 12.00
# Visual Studio Version 16
VisualStudioVersion = 16.0.30523.141
MinimumVisualStudioVersion = 10.0.40219.1
Project("{FAE04EC0-301F-11D3-BF4B-00C04F79EFBC}") = "C19Test", "C19Test.csproj", "{B488023C-851B-4A75-906D-A6B4FB4B2431}"
EndProject
Global
	GlobalSection(SolutionConfigurationPlatforms) = preSolution
		Debug|Any CPU = Debug|Any CPU
		Release|Any CPU = Release|Any CPU
	EndGlobalSection
	GlobalSection(ProjectConfigurationPlatforms) = postSolution
		{B488023C-851B-4A75-906D-A6B4FB4B2431}.Debug|Any CPU.ActiveCfg = Debug|Any CPU
		{B488023C-851B-4A75-906D-A6B4FB4B2431}.Debug|Any CPU.Build.0 = Debug|Any CPU
		{B488023C-851B-4A75-906D-A6B4FB4B2431}.Release|Any CPU.ActiveCfg = Release|Any CPU
		{B488023C-851B-4A75-906D-A6B4FB4B2431}.Release|Any CPU.Build.0 = Release|Any CPU
	EndGlobalSection
	GlobalSection(SolutionProperties) = preSolution
		HideSolutionNode = FALSE
	EndGlobalSection
	GlobalSection(ExtensibilityGlobals) = postSolution
		SolutionGuid = {BDFB2EC3-5D84-4AEE-9878-F1896E9157A9}
	EndGlobalSection
EndGlobal
